
Microsoft Visual Studio Solution File, Format Version 12.00
# Visual Studio 2012
Project("{FAE04EC0-301F-11D3-BF4B-00C04F79EFBC}") = "Shop", "Shop\Shop.csproj", "{3695DDCC-6E4B-4B87-AB0C-8146D8E4E375}"
EndProject
Project("{FAE04EC0-301F-11D3-BF4B-00C04F79EFBC}") = "Shop.Tests", "Shop.Tests\Shop.Tests.csproj", "{1A2A5FA7-7C80-4010-AB4C-3DDC984A4652}"
EndProject
Global
	GlobalSection(SolutionConfigurationPlatforms) = preSolution
		Debug|Any CPU = Debug|Any CPU
		Release|Any CPU = Release|Any CPU
	EndGlobalSection
	GlobalSection(ProjectConfigurationPlatforms) = postSolution
		{3695DDCC-6E4B-4B87-AB0C-8146D8E4E375}.Debug|Any CPU.ActiveCfg = Debug|Any CPU
		{3695DDCC-6E4B-4B87-AB0C-8146D8E4E375}.Debug|Any CPU.Build.0 = Debug|Any CPU
		{3695DDCC-6E4B-4B87-AB0C-8146D8E4E375}.Release|Any CPU.ActiveCfg = Release|Any CPU
		{3695DDCC-6E4B-4B87-AB0C-8146D8E4E375}.Release|Any CPU.Build.0 = Release|Any CPU
		{1A2A5FA7-7C80-4010-AB4C-3DDC984A4652}.Debug|Any CPU.ActiveCfg = Debug|Any CPU
		{1A2A5FA7-7C80-4010-AB4C-3DDC984A4652}.Debug|Any CPU.Build.0 = Debug|Any CPU
		{1A2A5FA7-7C80-4010-AB4C-3DDC984A4652}.Release|Any CPU.ActiveCfg = Release|Any CPU
		{1A2A5FA7-7C80-4010-AB4C-3DDC984A4652}.Release|Any CPU.Build.0 = Release|Any CPU
	EndGlobalSection
	GlobalSection(MonoDevelopProperties) = preSolution
		Policies = $0
		$0.VersionControlPolicy = $1
	EndGlobalSection
EndGlobal
